
Microsoft Visual Studio Solution File, Format Version 12.00
Project("{FAE04EC0-301F-11D3-BF4B-00C04F79EFBC}") = "BlogApp", "BlogApp\BlogApp.csproj", "{C6B5E45A-D902-44D0-819F-A2554C12F747}"
EndProject
Global
	GlobalSection(SolutionConfigurationPlatforms) = preSolution
		Debug|Any CPU = Debug|Any CPU
		Release|Any CPU = Release|Any CPU
	EndGlobalSection
	GlobalSection(ProjectConfigurationPlatforms) = postSolution
		{C6B5E45A-D902-44D0-819F-A2554C12F747}.Debug|Any CPU.ActiveCfg = Debug|Any CPU
		{C6B5E45A-D902-44D0-819F-A2554C12F747}.Debug|Any CPU.Build.0 = Debug|Any CPU
		{C6B5E45A-D902-44D0-819F-A2554C12F747}.Release|Any CPU.ActiveCfg = Release|Any CPU
		{C6B5E45A-D902-44D0-819F-A2554C12F747}.Release|Any CPU.Build.0 = Release|Any CPU
	EndGlobalSection
EndGlobal
